// !$*UTF8*$!
{
	archiveVersion = 1;
	classes = {
	};
	objectVersion = 55;
	objects = {

/* Begin PBXBuildFile section */
		1119BE17272487EA0068514A /* TaskCategoryTableViewController.swift in Sources */ = {isa = PBXBuildFile; fileRef = 1119BE16272487EA0068514A /* TaskCategoryTableViewController.swift */; };
		1119BE19272487FC0068514A /* TaskCategoryCellTableViewCell.swift in Sources */ = {isa = PBXBuildFile; fileRef = 1119BE18272487FC0068514A /* TaskCategoryCellTableViewCell.swift */; };
		1119BE1C2724889C0068514A /* TaskCategoryViewModel.swift in Sources */ = {isa = PBXBuildFile; fileRef = 1119BE1B2724889C0068514A /* TaskCategoryViewModel.swift */; };
		118A70C5272402AD00440151 /* AppDelegate.swift in Sources */ = {isa = PBXBuildFile; fileRef = 118A70C4272402AD00440151 /* AppDelegate.swift */; };
		118A70C9272402AD00440151 /* TaskListViewController.swift in Sources */ = {isa = PBXBuildFile; fileRef = 118A70C8272402AD00440151 /* TaskListViewController.swift */; };
		118A70CF272402AD00440151 /* TaskListInterfaceInCode.xcdatamodeld in Sources */ = {isa = PBXBuildFile; fileRef = 118A70CD272402AD00440151 /* TaskListInterfaceInCode.xcdatamodeld */; };
		118A70D1272402AF00440151 /* Assets.xcassets in Resources */ = {isa = PBXBuildFile; fileRef = 118A70D0272402AF00440151 /* Assets.xcassets */; };
		118A70D4272402AF00440151 /* LaunchScreen.storyboard in Resources */ = {isa = PBXBuildFile; fileRef = 118A70D2272402AF00440151 /* LaunchScreen.storyboard */; };
		118A70DC27240D4D00440151 /* NewTaskViewController.swift in Sources */ = {isa = PBXBuildFile; fileRef = 118A70DB27240D4D00440151 /* NewTaskViewController.swift */; };
		118A70DE2724312700440151 /* CustomButton.swift in Sources */ = {isa = PBXBuildFile; fileRef = 118A70DD2724312700440151 /* CustomButton.swift */; };
		118A70E02724378000440151 /* DataManager.swift in Sources */ = {isa = PBXBuildFile; fileRef = 118A70DF2724378000440151 /* DataManager.swift */; };
		119553ED27248B3D001D7183 /* TaskCategoryCellViewModel.swift in Sources */ = {isa = PBXBuildFile; fileRef = 119553EC27248B3D001D7183 /* TaskCategoryCellViewModel.swift */; };
		11D99D2C27244A3200CFA593 /* TaskListViewModel.swift in Sources */ = {isa = PBXBuildFile; fileRef = 11D99D2B27244A3200CFA593 /* TaskListViewModel.swift */; };
		11D99D2F2724521500CFA593 /* TaskTableViewCell.swift in Sources */ = {isa = PBXBuildFile; fileRef = 11D99D2E2724521500CFA593 /* TaskTableViewCell.swift */; };
		11D99D312724523100CFA593 /* TaskCellViewModel.swift in Sources */ = {isa = PBXBuildFile; fileRef = 11D99D302724523100CFA593 /* TaskCellViewModel.swift */; };
/* End PBXBuildFile section */

/* Begin PBXFileReference section */
		1119BE16272487EA0068514A /* TaskCategoryTableViewController.swift */ = {isa = PBXFileReference; lastKnownFileType = sourcecode.swift; path = TaskCategoryTableViewController.swift; sourceTree = "<group>"; };
		1119BE18272487FC0068514A /* TaskCategoryCellTableViewCell.swift */ = {isa = PBXFileReference; lastKnownFileType = sourcecode.swift; path = TaskCategoryCellTableViewCell.swift; sourceTree = "<group>"; };
		1119BE1B2724889C0068514A /* TaskCategoryViewModel.swift */ = {isa = PBXFileReference; lastKnownFileType = sourcecode.swift; path = TaskCategoryViewModel.swift; sourceTree = "<group>"; };
		118A70C1272402AD00440151 /* TaskListInterfaceInCode.app */ = {isa = PBXFileReference; explicitFileType = wrapper.application; includeInIndex = 0; path = TaskListInterfaceInCode.app; sourceTree = BUILT_PRODUCTS_DIR; };
		118A70C4272402AD00440151 /* AppDelegate.swift */ = {isa = PBXFileReference; lastKnownFileType = sourcecode.swift; path = AppDelegate.swift; sourceTree = "<group>"; };
		118A70C8272402AD00440151 /* TaskListViewController.swift */ = {isa = PBXFileReference; lastKnownFileType = sourcecode.swift; path = TaskListViewController.swift; sourceTree = "<group>"; };
		118A70CE272402AD00440151 /* TaskListInterfaceInCode.xcdatamodel */ = {isa = PBXFileReference; lastKnownFileType = wrapper.xcdatamodel; path = TaskListInterfaceInCode.xcdatamodel; sourceTree = "<group>"; };
		118A70D0272402AF00440151 /* Assets.xcassets */ = {isa = PBXFileReference; lastKnownFileType = folder.assetcatalog; path = Assets.xcassets; sourceTree = "<group>"; };
		118A70D3272402AF00440151 /* Base */ = {isa = PBXFileReference; lastKnownFileType = file.storyboard; name = Base; path = Base.lproj/LaunchScreen.storyboard; sourceTree = "<group>"; };
		118A70D5272402AF00440151 /* Info.plist */ = {isa = PBXFileReference; lastKnownFileType = text.plist.xml; path = Info.plist; sourceTree = "<group>"; };
		118A70DB27240D4D00440151 /* NewTaskViewController.swift */ = {isa = PBXFileReference; lastKnownFileType = sourcecode.swift; path = NewTaskViewController.swift; sourceTree = "<group>"; };
		118A70DD2724312700440151 /* CustomButton.swift */ = {isa = PBXFileReference; lastKnownFileType = sourcecode.swift; path = CustomButton.swift; sourceTree = "<group>"; };
		118A70DF2724378000440151 /* DataManager.swift */ = {isa = PBXFileReference; lastKnownFileType = sourcecode.swift; path = DataManager.swift; sourceTree = "<group>"; };
		119553EC27248B3D001D7183 /* TaskCategoryCellViewModel.swift */ = {isa = PBXFileReference; lastKnownFileType = sourcecode.swift; path = TaskCategoryCellViewModel.swift; sourceTree = "<group>"; };
		11D99D2B27244A3200CFA593 /* TaskListViewModel.swift */ = {isa = PBXFileReference; lastKnownFileType = sourcecode.swift; path = TaskListViewModel.swift; sourceTree = "<group>"; };
		11D99D2E2724521500CFA593 /* TaskTableViewCell.swift */ = {isa = PBXFileReference; lastKnownFileType = sourcecode.swift; path = TaskTableViewCell.swift; sourceTree = "<group>"; };
		11D99D302724523100CFA593 /* TaskCellViewModel.swift */ = {isa = PBXFileReference; lastKnownFileType = sourcecode.swift; path = TaskCellViewModel.swift; sourceTree = "<group>"; };
/* End PBXFileReference section */

/* Begin PBXFrameworksBuildPhase section */
		118A70BE272402AD00440151 /* Frameworks */ = {
			isa = PBXFrameworksBuildPhase;
			buildActionMask = 2147483647;
			files = (
			);
			runOnlyForDeploymentPostprocessing = 0;
		};
/* End PBXFrameworksBuildPhase section */

/* Begin PBXGroup section */
		1119BE14272487A30068514A /* TaskCategory */ = {
			isa = PBXGroup;
			children = (
				1119BE1A272488750068514A /* TaskCategoryCell */,
				1119BE16272487EA0068514A /* TaskCategoryTableViewController.swift */,
				1119BE1B2724889C0068514A /* TaskCategoryViewModel.swift */,
			);
			path = TaskCategory;
			sourceTree = "<group>";
		};
		1119BE1A272488750068514A /* TaskCategoryCell */ = {
			isa = PBXGroup;
			children = (
				1119BE18272487FC0068514A /* TaskCategoryCellTableViewCell.swift */,
				119553EC27248B3D001D7183 /* TaskCategoryCellViewModel.swift */,
			);
			path = TaskCategoryCell;
			sourceTree = "<group>";
		};
		118A70B8272402AD00440151 = {
			isa = PBXGroup;
			children = (
				118A70C3272402AD00440151 /* TaskListInterfaceInCode */,
				118A70C2272402AD00440151 /* Products */,
			);
			sourceTree = "<group>";
		};
		118A70C2272402AD00440151 /* Products */ = {
			isa = PBXGroup;
			children = (
				118A70C1272402AD00440151 /* TaskListInterfaceInCode.app */,
			);
			name = Products;
			sourceTree = "<group>";
		};
		118A70C3272402AD00440151 /* TaskListInterfaceInCode */ = {
			isa = PBXGroup;
			children = (
				1119BE14272487A30068514A /* TaskCategory */,
				11D99D262724490600CFA593 /* TaskList */,
				11D99D2A2724499500CFA593 /* NewTask */,
				11D99D292724498300CFA593 /* Helpers */,
				11D99D282724497200CFA593 /* Storyboards */,
				11D99D272724495900CFA593 /* Supporting files */,
				118A70CD272402AD00440151 /* TaskListInterfaceInCode.xcdatamodeld */,
				118A70DD2724312700440151 /* CustomButton.swift */,
			);
			path = TaskListInterfaceInCode;
			sourceTree = "<group>";
		};
		11D99D262724490600CFA593 /* TaskList */ = {
			isa = PBXGroup;
			children = (
				11D99D2D272451F700CFA593 /* TaskCell */,
				118A70C8272402AD00440151 /* TaskListViewController.swift */,
				11D99D2B27244A3200CFA593 /* TaskListViewModel.swift */,
			);
			path = TaskList;
			sourceTree = "<group>";
		};
		11D99D272724495900CFA593 /* Supporting files */ = {
			isa = PBXGroup;
			children = (
				118A70C4272402AD00440151 /* AppDelegate.swift */,
				118A70D0272402AF00440151 /* Assets.xcassets */,
				118A70D5272402AF00440151 /* Info.plist */,
			);
			path = "Supporting files";
			sourceTree = "<group>";
		};
		11D99D282724497200CFA593 /* Storyboards */ = {
			isa = PBXGroup;
			children = (
				118A70D2272402AF00440151 /* LaunchScreen.storyboard */,
			);
			path = Storyboards;
			sourceTree = "<group>";
		};
		11D99D292724498300CFA593 /* Helpers */ = {
			isa = PBXGroup;
			children = (
				118A70DF2724378000440151 /* DataManager.swift */,
			);
			path = Helpers;
			sourceTree = "<group>";
		};
		11D99D2A2724499500CFA593 /* NewTask */ = {
			isa = PBXGroup;
			children = (
				118A70DB27240D4D00440151 /* NewTaskViewController.swift */,
			);
			path = NewTask;
			sourceTree = "<group>";
		};
		11D99D2D272451F700CFA593 /* TaskCell */ = {
			isa = PBXGroup;
			children = (
				11D99D2E2724521500CFA593 /* TaskTableViewCell.swift */,
				11D99D302724523100CFA593 /* TaskCellViewModel.swift */,
			);
			path = TaskCell;
			sourceTree = "<group>";
		};
/* End PBXGroup section */

/* Begin PBXNativeTarget section */
		118A70C0272402AD00440151 /* TaskListInterfaceInCode */ = {
			isa = PBXNativeTarget;
			buildConfigurationList = 118A70D8272402AF00440151 /* Build configuration list for PBXNativeTarget "TaskListInterfaceInCode" */;
			buildPhases = (
				118A70BD272402AD00440151 /* Sources */,
				118A70BE272402AD00440151 /* Frameworks */,
				118A70BF272402AD00440151 /* Resources */,
			);
			buildRules = (
			);
			dependencies = (
			);
			name = TaskListInterfaceInCode;
			productName = TaskListInterfaceInCode;
			productReference = 118A70C1272402AD00440151 /* TaskListInterfaceInCode.app */;
			productType = "com.apple.product-type.application";
		};
/* End PBXNativeTarget section */

/* Begin PBXProject section */
		118A70B9272402AD00440151 /* Project object */ = {
			isa = PBXProject;
			attributes = {
				BuildIndependentTargetsInParallel = 1;
				LastSwiftUpdateCheck = 1300;
				LastUpgradeCheck = 1300;
				TargetAttributes = {
					118A70C0272402AD00440151 = {
						CreatedOnToolsVersion = 13.0;
					};
				};
			};
			buildConfigurationList = 118A70BC272402AD00440151 /* Build configuration list for PBXProject "TaskListInterfaceInCode" */;
			compatibilityVersion = "Xcode 13.0";
			developmentRegion = en;
			hasScannedForEncodings = 0;
			knownRegions = (
				en,
				Base,
			);
			mainGroup = 118A70B8272402AD00440151;
			productRefGroup = 118A70C2272402AD00440151 /* Products */;
			projectDirPath = "";
			projectRoot = "";
			targets = (
				118A70C0272402AD00440151 /* TaskListInterfaceInCode */,
			);
		};
/* End PBXProject section */

/* Begin PBXResourcesBuildPhase section */
		118A70BF272402AD00440151 /* Resources */ = {
			isa = PBXResourcesBuildPhase;
			buildActionMask = 2147483647;
			files = (
				118A70D4272402AF00440151 /* LaunchScreen.storyboard in Resources */,
				118A70D1272402AF00440151 /* Assets.xcassets in Resources */,
			);
			runOnlyForDeploymentPostprocessing = 0;
		};
/* End PBXResourcesBuildPhase section */

/* Begin PBXSourcesBuildPhase section */
		118A70BD272402AD00440151 /* Sources */ = {
			isa = PBXSourcesBuildPhase;
			buildActionMask = 2147483647;
			files = (
				11D99D2F2724521500CFA593 /* TaskTableViewCell.swift in Sources */,
				11D99D2C27244A3200CFA593 /* TaskListViewModel.swift in Sources */,
				1119BE19272487FC0068514A /* TaskCategoryCellTableViewCell.swift in Sources */,
				1119BE17272487EA0068514A /* TaskCategoryTableViewController.swift in Sources */,
				118A70C9272402AD00440151 /* TaskListViewController.swift in Sources */,
				118A70E02724378000440151 /* DataManager.swift in Sources */,
				118A70DC27240D4D00440151 /* NewTaskViewController.swift in Sources */,
				1119BE1C2724889C0068514A /* TaskCategoryViewModel.swift in Sources */,
				118A70C5272402AD00440151 /* AppDelegate.swift in Sources */,
				119553ED27248B3D001D7183 /* TaskCategoryCellViewModel.swift in Sources */,
				11D99D312724523100CFA593 /* TaskCellViewModel.swift in Sources */,
				118A70CF272402AD00440151 /* TaskListInterfaceInCode.xcdatamodeld in Sources */,
				118A70DE2724312700440151 /* CustomButton.swift in Sources */,
			);
			runOnlyForDeploymentPostprocessing = 0;
		};
/* End PBXSourcesBuildPhase section */

/* Begin PBXVariantGroup section */
		118A70D2272402AF00440151 /* LaunchScreen.storyboard */ = {
			isa = PBXVariantGroup;
			children = (
				118A70D3272402AF00440151 /* Base */,
			);
			name = LaunchScreen.storyboard;
			sourceTree = "<group>";
		};
/* End PBXVariantGroup section */

/* Begin XCBuildConfiguration section */
		118A70D6272402AF00440151 /* Debug */ = {
			isa = XCBuildConfiguration;
			buildSettings = {
				ALWAYS_SEARCH_USER_PATHS = NO;
				CLANG_ANALYZER_NONNULL = YES;
				CLANG_ANALYZER_NUMBER_OBJECT_CONVERSION = YES_AGGRESSIVE;
				CLANG_CXX_LANGUAGE_STANDARD = "gnu++17";
				CLANG_CXX_LIBRARY = "libc++";
				CLANG_ENABLE_MODULES = YES;
				CLANG_ENABLE_OBJC_ARC = YES;
				CLANG_ENABLE_OBJC_WEAK = YES;
				CLANG_WARN_BLOCK_CAPTURE_AUTORELEASING = YES;
				CLANG_WARN_BOOL_CONVERSION = YES;
				CLANG_WARN_COMMA = YES;
				CLANG_WARN_CONSTANT_CONVERSION = YES;
				CLANG_WARN_DEPRECATED_OBJC_IMPLEMENTATIONS = YES;
				CLANG_WARN_DIRECT_OBJC_ISA_USAGE = YES_ERROR;
				CLANG_WARN_DOCUMENTATION_COMMENTS = YES;
				CLANG_WARN_EMPTY_BODY = YES;
				CLANG_WARN_ENUM_CONVERSION = YES;
				CLANG_WARN_INFINITE_RECURSION = YES;
				CLANG_WARN_INT_CONVERSION = YES;
				CLANG_WARN_NON_LITERAL_NULL_CONVERSION = YES;
				CLANG_WARN_OBJC_IMPLICIT_RETAIN_SELF = YES;
				CLANG_WARN_OBJC_LITERAL_CONVERSION = YES;
				CLANG_WARN_OBJC_ROOT_CLASS = YES_ERROR;
				CLANG_WARN_QUOTED_INCLUDE_IN_FRAMEWORK_HEADER = YES;
				CLANG_WARN_RANGE_LOOP_ANALYSIS = YES;
				CLANG_WARN_STRICT_PROTOTYPES = YES;
				CLANG_WARN_SUSPICIOUS_MOVE = YES;
				CLANG_WARN_UNGUARDED_AVAILABILITY = YES_AGGRESSIVE;
				CLANG_WARN_UNREACHABLE_CODE = YES;
				CLANG_WARN__DUPLICATE_METHOD_MATCH = YES;
				COPY_PHASE_STRIP = NO;
				DEBUG_INFORMATION_FORMAT = dwarf;
				ENABLE_STRICT_OBJC_MSGSEND = YES;
				ENABLE_TESTABILITY = YES;
				GCC_C_LANGUAGE_STANDARD = gnu11;
				GCC_DYNAMIC_NO_PIC = NO;
				GCC_NO_COMMON_BLOCKS = YES;
				GCC_OPTIMIZATION_LEVEL = 0;
				GCC_PREPROCESSOR_DEFINITIONS = (
					"DEBUG=1",
					"$(inherited)",
				);
				GCC_WARN_64_TO_32_BIT_CONVERSION = YES;
				GCC_WARN_ABOUT_RETURN_TYPE = YES_ERROR;
				GCC_WARN_UNDECLARED_SELECTOR = YES;
				GCC_WARN_UNINITIALIZED_AUTOS = YES_AGGRESSIVE;
				GCC_WARN_UNUSED_FUNCTION = YES;
				GCC_WARN_UNUSED_VARIABLE = YES;
				IPHONEOS_DEPLOYMENT_TARGET = 15.0;
				MTL_ENABLE_DEBUG_INFO = INCLUDE_SOURCE;
				MTL_FAST_MATH = YES;
				ONLY_ACTIVE_ARCH = YES;
				SDKROOT = iphoneos;
				SWIFT_ACTIVE_COMPILATION_CONDITIONS = DEBUG;
				SWIFT_OPTIMIZATION_LEVEL = "-Onone";
			};
			name = Debug;
		};
		118A70D7272402AF00440151 /* Release */ = {
			isa = XCBuildConfiguration;
			buildSettings = {
				ALWAYS_SEARCH_USER_PATHS = NO;
				CLANG_ANALYZER_NONNULL = YES;
				CLANG_ANALYZER_NUMBER_OBJECT_CONVERSION = YES_AGGRESSIVE;
				CLANG_CXX_LANGUAGE_STANDARD = "gnu++17";
				CLANG_CXX_LIBRARY = "libc++";
				CLANG_ENABLE_MODULES = YES;
				CLANG_ENABLE_OBJC_ARC = YES;
				CLANG_ENABLE_OBJC_WEAK = YES;
				CLANG_WARN_BLOCK_CAPTURE_AUTORELEASING = YES;
				CLANG_WARN_BOOL_CONVERSION = YES;
				CLANG_WARN_COMMA = YES;
				CLANG_WARN_CONSTANT_CONVERSION = YES;
				CLANG_WARN_DEPRECATED_OBJC_IMPLEMENTATIONS = YES;
				CLANG_WARN_DIRECT_OBJC_ISA_USAGE = YES_ERROR;
				CLANG_WARN_DOCUMENTATION_COMMENTS = YES;
				CLANG_WARN_EMPTY_BODY = YES;
				CLANG_WARN_ENUM_CONVERSION = YES;
				CLANG_WARN_INFINITE_RECURSION = YES;
				CLANG_WARN_INT_CONVERSION = YES;
				CLANG_WARN_NON_LITERAL_NULL_CONVERSION = YES;
				CLANG_WARN_OBJC_IMPLICIT_RETAIN_SELF = YES;
				CLANG_WARN_OBJC_LITERAL_CONVERSION = YES;
				CLANG_WARN_OBJC_ROOT_CLASS = YES_ERROR;
				CLANG_WARN_QUOTED_INCLUDE_IN_FRAMEWORK_HEADER = YES;
				CLANG_WARN_RANGE_LOOP_ANALYSIS = YES;
				CLANG_WARN_STRICT_PROTOTYPES = YES;
				CLANG_WARN_SUSPICIOUS_MOVE = YES;
				CLANG_WARN_UNGUARDED_AVAILABILITY = YES_AGGRESSIVE;
				CLANG_WARN_UNREACHABLE_CODE = YES;
				CLANG_WARN__DUPLICATE_METHOD_MATCH = YES;
				COPY_PHASE_STRIP = NO;
				DEBUG_INFORMATION_FORMAT = "dwarf-with-dsym";
				ENABLE_NS_ASSERTIONS = NO;
				ENABLE_STRICT_OBJC_MSGSEND = YES;
				GCC_C_LANGUAGE_STANDARD = gnu11;
				GCC_NO_COMMON_BLOCKS = YES;
				GCC_WARN_64_TO_32_BIT_CONVERSION = YES;
				GCC_WARN_ABOUT_RETURN_TYPE = YES_ERROR;
				GCC_WARN_UNDECLARED_SELECTOR = YES;
				GCC_WARN_UNINITIALIZED_AUTOS = YES_AGGRESSIVE;
				GCC_WARN_UNUSED_FUNCTION = YES;
				GCC_WARN_UNUSED_VARIABLE = YES;
				IPHONEOS_DEPLOYMENT_TARGET = 15.0;
				MTL_ENABLE_DEBUG_INFO = NO;
				MTL_FAST_MATH = YES;
				SDKROOT = iphoneos;
				SWIFT_COMPILATION_MODE = wholemodule;
				SWIFT_OPTIMIZATION_LEVEL = "-O";
				VALIDATE_PRODUCT = YES;
			};
			name = Release;
		};
		118A70D9272402AF00440151 /* Debug */ = {
			isa = XCBuildConfiguration;
			buildSettings = {
				ASSETCATALOG_COMPILER_APPICON_NAME = AppIcon;
				ASSETCATALOG_COMPILER_GLOBAL_ACCENT_COLOR_NAME = AccentColor;
				CODE_SIGN_STYLE = Automatic;
				CURRENT_PROJECT_VERSION = 1;
				DEVELOPMENT_TEAM = 9CHP9M644H;
				GENERATE_INFOPLIST_FILE = YES;
				INFOPLIST_FILE = "TaskListInterfaceInCode/Supporting files/Info.plist";
				INFOPLIST_KEY_UIApplicationSupportsIndirectInputEvents = YES;
				INFOPLIST_KEY_UILaunchStoryboardName = LaunchScreen;
				INFOPLIST_KEY_UISupportedInterfaceOrientations = UIInterfaceOrientationPortrait;
				INFOPLIST_KEY_UISupportedInterfaceOrientations_iPad = "UIInterfaceOrientationPortrait UIInterfaceOrientationPortraitUpsideDown UIInterfaceOrientationLandscapeLeft UIInterfaceOrientationLandscapeRight";
				INFOPLIST_KEY_UISupportedInterfaceOrientations_iPhone = "UIInterfaceOrientationPortrait UIInterfaceOrientationLandscapeLeft UIInterfaceOrientationLandscapeRight";
				LD_RUNPATH_SEARCH_PATHS = (
					"$(inherited)",
					"@executable_path/Frameworks",
				);
				MARKETING_VERSION = 1.0;
				PRODUCT_BUNDLE_IDENTIFIER = com.nikitaZakharchenko.TaskListInterfaceInCode;
				PRODUCT_NAME = "$(TARGET_NAME)";
				SWIFT_EMIT_LOC_STRINGS = YES;
				SWIFT_VERSION = 5.0;
				TARGETED_DEVICE_FAMILY = 1;
			};
			name = Debug;
		};
		118A70DA272402AF00440151 /* Release */ = {
			isa = XCBuildConfiguration;
			buildSettings = {
				ASSETCATALOG_COMPILER_APPICON_NAME = AppIcon;
				ASSETCATALOG_COMPILER_GLOBAL_ACCENT_COLOR_NAME = AccentColor;
				CODE_SIGN_STYLE = Automatic;
				CURRENT_PROJECT_VERSION = 1;
				DEVELOPMENT_TEAM = 9CHP9M644H;
				GENERATE_INFOPLIST_FILE = YES;
				INFOPLIST_FILE = "TaskListInterfaceInCode/Supporting files/Info.plist";
				INFOPLIST_KEY_UIApplicationSupportsIndirectInputEvents = YES;
				INFOPLIST_KEY_UILaunchStoryboardName = LaunchScreen;
				INFOPLIST_KEY_UISupportedInterfaceOrientations = UIInterfaceOrientationPortrait;
				INFOPLIST_KEY_UISupportedInterfaceOrientations_iPad = "UIInterfaceOrientationPortrait UIInterfaceOrientationPortraitUpsideDown UIInterfaceOrientationLandscapeLeft UIInterfaceOrientationLandscapeRight";
				INFOPLIST_KEY_UISupportedInterfaceOrientations_iPhone = "UIInterfaceOrientationPortrait UIInterfaceOrientationLandscapeLeft UIInterfaceOrientationLandscapeRight";
				LD_RUNPATH_SEARCH_PATHS = (
					"$(inherited)",
					"@executable_path/Frameworks",
				);
				MARKETING_VERSION = 1.0;
				PRODUCT_BUNDLE_IDENTIFIER = com.nikitaZakharchenko.TaskListInterfaceInCode;
				PRODUCT_NAME = "$(TARGET_NAME)";
				SWIFT_EMIT_LOC_STRINGS = YES;
				SWIFT_VERSION = 5.0;
				TARGETED_DEVICE_FAMILY = 1;
			};
			name = Release;
		};
/* End XCBuildConfiguration section */

/* Begin XCConfigurationList section */
		118A70BC272402AD00440151 /* Build configuration list for PBXProject "TaskListInterfaceInCode" */ = {
			isa = XCConfigurationList;
			buildConfigurations = (
				118A70D6272402AF00440151 /* Debug */,
				118A70D7272402AF00440151 /* Release */,
			);
			defaultConfigurationIsVisible = 0;
			defaultConfigurationName = Release;
		};
		118A70D8272402AF00440151 /* Build configuration list for PBXNativeTarget "TaskListInterfaceInCode" */ = {
			isa = XCConfigurationList;
			buildConfigurations = (
				118A70D9272402AF00440151 /* Debug */,
				118A70DA272402AF00440151 /* Release */,
			);
			defaultConfigurationIsVisible = 0;
			defaultConfigurationName = Release;
		};
/* End XCConfigurationList section */

/* Begin XCVersionGroup section */
		118A70CD272402AD00440151 /* TaskListInterfaceInCode.xcdatamodeld */ = {
			isa = XCVersionGroup;
			children = (
				118A70CE272402AD00440151 /* TaskListInterfaceInCode.xcdatamodel */,
			);
			currentVersion = 118A70CE272402AD00440151 /* TaskListInterfaceInCode.xcdatamodel */;
			path = TaskListInterfaceInCode.xcdatamodeld;
			sourceTree = "<group>";
			versionGroupType = wrapper.xcdatamodel;
		};
/* End XCVersionGroup section */
	};
	rootObject = 118A70B9272402AD00440151 /* Project object */;
}
